
Microsoft Visual Studio Solution File, Format Version 12.00
# Visual Studio Version 16
VisualStudioVersion = 16.0.31515.178
MinimumVisualStudioVersion = 10.0.40219.1
Project("{888888A0-9F3D-457C-B088-3A5042F75D52}") = "5Colorful_CATS", "5Colorful_CATS.pyproj", "{07BD40E6-B3ED-441C-AA8E-BF6E67D643E1}"
EndProject
Global
	GlobalSection(SolutionConfigurationPlatforms) = preSolution
		Debug|Any CPU = Debug|Any CPU
		Release|Any CPU = Release|Any CPU
	EndGlobalSection
	GlobalSection(ProjectConfigurationPlatforms) = postSolution
		{07BD40E6-B3ED-441C-AA8E-BF6E67D643E1}.Debug|Any CPU.ActiveCfg = Debug|Any CPU
		{07BD40E6-B3ED-441C-AA8E-BF6E67D643E1}.Release|Any CPU.ActiveCfg = Release|Any CPU
	EndGlobalSection
	GlobalSection(SolutionProperties) = preSolution
		HideSolutionNode = FALSE
	EndGlobalSection
	GlobalSection(ExtensibilityGlobals) = postSolution
		SolutionGuid = {F6382EDC-0E2C-489C-BE65-8EC0F76C0A1D}
	EndGlobalSection
EndGlobal
